// !$*UTF8*$!
{
	archiveVersion = 1;
	classes = {
	};
	objectVersion = 51;
	objects = {

/* Begin PBXBuildFile section */
		396923AE42D81C7386AFB3E1 /* Pods_finalAPP.framework in Frameworks */ = {isa = PBXBuildFile; fileRef = 0215F6BA1541835DEC0BD87F /* Pods_finalAPP.framework */; };
		3B02615922B630230053DEDE /* AppDelegate.swift in Sources */ = {isa = PBXBuildFile; fileRef = 3B02615822B630230053DEDE /* AppDelegate.swift */; };
		3B02615B22B630230053DEDE /* ViewController.swift in Sources */ = {isa = PBXBuildFile; fileRef = 3B02615A22B630230053DEDE /* ViewController.swift */; };
		3B02615E22B630230053DEDE /* Main.storyboard in Resources */ = {isa = PBXBuildFile; fileRef = 3B02615C22B630230053DEDE /* Main.storyboard */; };
		3B02616022B630250053DEDE /* Assets.xcassets in Resources */ = {isa = PBXBuildFile; fileRef = 3B02615F22B630250053DEDE /* Assets.xcassets */; };
		3B02616322B630250053DEDE /* LaunchScreen.storyboard in Resources */ = {isa = PBXBuildFile; fileRef = 3B02616122B630250053DEDE /* LaunchScreen.storyboard */; };
		3B02616D22B634F90053DEDE /* TableViewController.swift in Sources */ = {isa = PBXBuildFile; fileRef = 3B02616C22B634F90053DEDE /* TableViewController.swift */; };
		3B02616F22B637250053DEDE /* Cartoon.swift in Sources */ = {isa = PBXBuildFile; fileRef = 3B02616E22B637250053DEDE /* Cartoon.swift */; };
		3B547AAD22B7663700890B05 /* CartoonTableViewCell.swift in Sources */ = {isa = PBXBuildFile; fileRef = 3B547AAC22B7663700890B05 /* CartoonTableViewCell.swift */; };
		3B547AB122B779FC00890B05 /* EditCartoonTableViewController.swift in Sources */ = {isa = PBXBuildFile; fileRef = 3B547AB022B779FC00890B05 /* EditCartoonTableViewController.swift */; };
		3B547AB322B7956200890B05 /* CartoonViewController.swift in Sources */ = {isa = PBXBuildFile; fileRef = 3B547AB222B7956200890B05 /* CartoonViewController.swift */; };
		3B547AB522B7CE1D00890B05 /* TotalCartoonViewController.swift in Sources */ = {isa = PBXBuildFile; fileRef = 3B547AB422B7CE1D00890B05 /* TotalCartoonViewController.swift */; };
		3B547ABC22B9321300890B05 /* ImageCollectionViewController.swift in Sources */ = {isa = PBXBuildFile; fileRef = 3B547ABB22B9321300890B05 /* ImageCollectionViewController.swift */; };
		3B547ABE22B937EC00890B05 /* ImageCollectionViewCell.swift in Sources */ = {isa = PBXBuildFile; fileRef = 3B547ABD22B937EC00890B05 /* ImageCollectionViewCell.swift */; };
/* End PBXBuildFile section */

/* Begin PBXFileReference section */
		0215F6BA1541835DEC0BD87F /* Pods_finalAPP.framework */ = {isa = PBXFileReference; explicitFileType = wrapper.framework; includeInIndex = 0; path = Pods_finalAPP.framework; sourceTree = BUILT_PRODUCTS_DIR; };
		3B02615522B630230053DEDE /* finalAPP.app */ = {isa = PBXFileReference; explicitFileType = wrapper.application; includeInIndex = 0; path = finalAPP.app; sourceTree = BUILT_PRODUCTS_DIR; };
		3B02615822B630230053DEDE /* AppDelegate.swift */ = {isa = PBXFileReference; lastKnownFileType = sourcecode.swift; path = AppDelegate.swift; sourceTree = "<group>"; };
		3B02615A22B630230053DEDE /* ViewController.swift */ = {isa = PBXFileReference; lastKnownFileType = sourcecode.swift; path = ViewController.swift; sourceTree = "<group>"; };
		3B02615D22B630230053DEDE /* Base */ = {isa = PBXFileReference; lastKnownFileType = file.storyboard; name = Base; path = Base.lproj/Main.storyboard; sourceTree = "<group>"; };
		3B02615F22B630250053DEDE /* Assets.xcassets */ = {isa = PBXFileReference; lastKnownFileType = folder.assetcatalog; path = Assets.xcassets; sourceTree = "<group>"; };
		3B02616222B630250053DEDE /* Base */ = {isa = PBXFileReference; lastKnownFileType = file.storyboard; name = Base; path = Base.lproj/LaunchScreen.storyboard; sourceTree = "<group>"; };
		3B02616422B630250053DEDE /* Info.plist */ = {isa = PBXFileReference; lastKnownFileType = text.plist.xml; path = Info.plist; sourceTree = "<group>"; };
		3B02616C22B634F90053DEDE /* TableViewController.swift */ = {isa = PBXFileReference; lastKnownFileType = sourcecode.swift; path = TableViewController.swift; sourceTree = "<group>"; };
		3B02616E22B637250053DEDE /* Cartoon.swift */ = {isa = PBXFileReference; lastKnownFileType = sourcecode.swift; path = Cartoon.swift; sourceTree = "<group>"; };
		3B547AAC22B7663700890B05 /* CartoonTableViewCell.swift */ = {isa = PBXFileReference; lastKnownFileType = sourcecode.swift; path = CartoonTableViewCell.swift; sourceTree = "<group>"; };
		3B547AB022B779FC00890B05 /* EditCartoonTableViewController.swift */ = {isa = PBXFileReference; lastKnownFileType = sourcecode.swift; path = EditCartoonTableViewController.swift; sourceTree = "<group>"; };
		3B547AB222B7956200890B05 /* CartoonViewController.swift */ = {isa = PBXFileReference; lastKnownFileType = sourcecode.swift; path = CartoonViewController.swift; sourceTree = "<group>"; };
		3B547AB422B7CE1D00890B05 /* TotalCartoonViewController.swift */ = {isa = PBXFileReference; lastKnownFileType = sourcecode.swift; path = TotalCartoonViewController.swift; sourceTree = "<group>"; };
		3B547ABB22B9321300890B05 /* ImageCollectionViewController.swift */ = {isa = PBXFileReference; lastKnownFileType = sourcecode.swift; path = ImageCollectionViewController.swift; sourceTree = "<group>"; };
		3B547ABD22B937EC00890B05 /* ImageCollectionViewCell.swift */ = {isa = PBXFileReference; lastKnownFileType = sourcecode.swift; path = ImageCollectionViewCell.swift; sourceTree = "<group>"; };
		AAA520C7C8F8FE046D7EDD59 /* Pods-finalAPP.debug.xcconfig */ = {isa = PBXFileReference; includeInIndex = 1; lastKnownFileType = text.xcconfig; name = "Pods-finalAPP.debug.xcconfig"; path = "Target Support Files/Pods-finalAPP/Pods-finalAPP.debug.xcconfig"; sourceTree = "<group>"; };
		E145EDDD67F7AB0E9E1607A8 /* Pods-finalAPP.release.xcconfig */ = {isa = PBXFileReference; includeInIndex = 1; lastKnownFileType = text.xcconfig; name = "Pods-finalAPP.release.xcconfig"; path = "Target Support Files/Pods-finalAPP/Pods-finalAPP.release.xcconfig"; sourceTree = "<group>"; };
/* End PBXFileReference section */

/* Begin PBXFrameworksBuildPhase section */
		3B02615222B630230053DEDE /* Frameworks */ = {
			isa = PBXFrameworksBuildPhase;
			buildActionMask = 2147483647;
			files = (
				396923AE42D81C7386AFB3E1 /* Pods_finalAPP.framework in Frameworks */,
			);
			runOnlyForDeploymentPostprocessing = 0;
		};
/* End PBXFrameworksBuildPhase section */

/* Begin PBXGroup section */
		1567699C01B7A639CFCAF656 /* Pods */ = {
			isa = PBXGroup;
			children = (
				AAA520C7C8F8FE046D7EDD59 /* Pods-finalAPP.debug.xcconfig */,
				E145EDDD67F7AB0E9E1607A8 /* Pods-finalAPP.release.xcconfig */,
			);
			path = Pods;
			sourceTree = "<group>";
		};
		3B02614C22B630230053DEDE = {
			isa = PBXGroup;
			children = (
				3B02615722B630230053DEDE /* finalAPP */,
				3B02615622B630230053DEDE /* Products */,
				1567699C01B7A639CFCAF656 /* Pods */,
				435F76BA0EC4D934A49FD195 /* Frameworks */,
			);
			sourceTree = "<group>";
		};
		3B02615622B630230053DEDE /* Products */ = {
			isa = PBXGroup;
			children = (
				3B02615522B630230053DEDE /* finalAPP.app */,
			);
			name = Products;
			sourceTree = "<group>";
		};
		3B02615722B630230053DEDE /* finalAPP */ = {
			isa = PBXGroup;
			children = (
				3B547AB222B7956200890B05 /* CartoonViewController.swift */,
				3B02615822B630230053DEDE /* AppDelegate.swift */,
				3B02615A22B630230053DEDE /* ViewController.swift */,
				3B547ABD22B937EC00890B05 /* ImageCollectionViewCell.swift */,
				3B02615C22B630230053DEDE /* Main.storyboard */,
				3B547AB422B7CE1D00890B05 /* TotalCartoonViewController.swift */,
				3B547AB022B779FC00890B05 /* EditCartoonTableViewController.swift */,
				3B547AAC22B7663700890B05 /* CartoonTableViewCell.swift */,
				3B02616C22B634F90053DEDE /* TableViewController.swift */,
				3B547ABB22B9321300890B05 /* ImageCollectionViewController.swift */,
				3B02616E22B637250053DEDE /* Cartoon.swift */,
				3B02615F22B630250053DEDE /* Assets.xcassets */,
				3B02616122B630250053DEDE /* LaunchScreen.storyboard */,
				3B02616422B630250053DEDE /* Info.plist */,
			);
			path = finalAPP;
			sourceTree = "<group>";
		};
		435F76BA0EC4D934A49FD195 /* Frameworks */ = {
			isa = PBXGroup;
			children = (
				0215F6BA1541835DEC0BD87F /* Pods_finalAPP.framework */,
			);
			name = Frameworks;
			sourceTree = "<group>";
		};
/* End PBXGroup section */

/* Begin PBXNativeTarget section */
		3B02615422B630230053DEDE /* finalAPP */ = {
			isa = PBXNativeTarget;
			buildConfigurationList = 3B02616722B630250053DEDE /* Build configuration list for PBXNativeTarget "finalAPP" */;
			buildPhases = (
				5177D0D873F718D94FE7A258 /* [CP] Check Pods Manifest.lock */,
				3B02615122B630230053DEDE /* Sources */,
				3B02615222B630230053DEDE /* Frameworks */,
				3B02615322B630230053DEDE /* Resources */,
				94E2F648F4B6163AA9DA7BB2 /* [CP] Embed Pods Frameworks */,
			);
			buildRules = (
			);
			dependencies = (
			);
			name = finalAPP;
			productName = finalAPP;
			productReference = 3B02615522B630230053DEDE /* finalAPP.app */;
			productType = "com.apple.product-type.application";
		};
/* End PBXNativeTarget section */

/* Begin PBXProject section */
		3B02614D22B630230053DEDE /* Project object */ = {
			isa = PBXProject;
			attributes = {
				LastSwiftUpdateCheck = 1020;
				LastUpgradeCheck = 1020;
				ORGANIZATIONNAME = ouo;
				TargetAttributes = {
					3B02615422B630230053DEDE = {
						CreatedOnToolsVersion = 10.2.1;
					};
				};
			};
			buildConfigurationList = 3B02615022B630230053DEDE /* Build configuration list for PBXProject "finalAPP" */;
			compatibilityVersion = "Xcode 9.3";
			developmentRegion = en;
			hasScannedForEncodings = 0;
			knownRegions = (
				en,
				Base,
			);
			mainGroup = 3B02614C22B630230053DEDE;
			productRefGroup = 3B02615622B630230053DEDE /* Products */;
			projectDirPath = "";
			projectRoot = "";
			targets = (
				3B02615422B630230053DEDE /* finalAPP */,
			);
		};
/* End PBXProject section */

/* Begin PBXResourcesBuildPhase section */
		3B02615322B630230053DEDE /* Resources */ = {
			isa = PBXResourcesBuildPhase;
			buildActionMask = 2147483647;
			files = (
				3B02616322B630250053DEDE /* LaunchScreen.storyboard in Resources */,
				3B02616022B630250053DEDE /* Assets.xcassets in Resources */,
				3B02615E22B630230053DEDE /* Main.storyboard in Resources */,
			);
			runOnlyForDeploymentPostprocessing = 0;
		};
/* End PBXResourcesBuildPhase section */

/* Begin PBXShellScriptBuildPhase section */
		5177D0D873F718D94FE7A258 /* [CP] Check Pods Manifest.lock */ = {
			isa = PBXShellScriptBuildPhase;
			buildActionMask = 2147483647;
			files = (
			);
			inputFileListPaths = (
			);
			inputPaths = (
				"${PODS_PODFILE_DIR_PATH}/Podfile.lock",
				"${PODS_ROOT}/Manifest.lock",
			);
			name = "[CP] Check Pods Manifest.lock";
			outputFileListPaths = (
			);
			outputPaths = (
				"$(DERIVED_FILE_DIR)/Pods-finalAPP-checkManifestLockResult.txt",
			);
			runOnlyForDeploymentPostprocessing = 0;
			shellPath = /bin/sh;
			shellScript = "diff \"${PODS_PODFILE_DIR_PATH}/Podfile.lock\" \"${PODS_ROOT}/Manifest.lock\" > /dev/null\nif [ $? != 0 ] ; then\n    # print error to STDERR\n    echo \"error: The sandbox is not in sync with the Podfile.lock. Run 'pod install' or update your CocoaPods installation.\" >&2\n    exit 1\nfi\n# This output is used by Xcode 'outputs' to avoid re-running this script phase.\necho \"SUCCESS\" > \"${SCRIPT_OUTPUT_FILE_0}\"\n";
			showEnvVarsInLog = 0;
		};
		94E2F648F4B6163AA9DA7BB2 /* [CP] Embed Pods Frameworks */ = {
			isa = PBXShellScriptBuildPhase;
			buildActionMask = 2147483647;
			files = (
			);
			inputFileListPaths = (
				"${PODS_ROOT}/Target Support Files/Pods-finalAPP/Pods-finalAPP-frameworks-${CONFIGURATION}-input-files.xcfilelist",
			);
			name = "[CP] Embed Pods Frameworks";
			outputFileListPaths = (
				"${PODS_ROOT}/Target Support Files/Pods-finalAPP/Pods-finalAPP-frameworks-${CONFIGURATION}-output-files.xcfilelist",
			);
			runOnlyForDeploymentPostprocessing = 0;
			shellPath = /bin/sh;
			shellScript = "\"${PODS_ROOT}/Target Support Files/Pods-finalAPP/Pods-finalAPP-frameworks.sh\"\n";
			showEnvVarsInLog = 0;
		};
/* End PBXShellScriptBuildPhase section */

/* Begin PBXSourcesBuildPhase section */
		3B02615122B630230053DEDE /* Sources */ = {
			isa = PBXSourcesBuildPhase;
			buildActionMask = 2147483647;
			files = (
				3B547AB522B7CE1D00890B05 /* TotalCartoonViewController.swift in Sources */,
				3B547ABE22B937EC00890B05 /* ImageCollectionViewCell.swift in Sources */,
				3B547AB322B7956200890B05 /* CartoonViewController.swift in Sources */,
				3B547AB122B779FC00890B05 /* EditCartoonTableViewController.swift in Sources */,
				3B547AAD22B7663700890B05 /* CartoonTableViewCell.swift in Sources */,
				3B547ABC22B9321300890B05 /* ImageCollectionViewController.swift in Sources */,
				3B02615B22B630230053DEDE /* ViewController.swift in Sources */,
				3B02616D22B634F90053DEDE /* TableViewController.swift in Sources */,
				3B02616F22B637250053DEDE /* Cartoon.swift in Sources */,
				3B02615922B630230053DEDE /* AppDelegate.swift in Sources */,
			);
			runOnlyForDeploymentPostprocessing = 0;
		};
/* End PBXSourcesBuildPhase section */

/* Begin PBXVariantGroup section */
		3B02615C22B630230053DEDE /* Main.storyboard */ = {
			isa = PBXVariantGroup;
			children = (
				3B02615D22B630230053DEDE /* Base */,
			);
			name = Main.storyboard;
			sourceTree = "<group>";
		};
		3B02616122B630250053DEDE /* LaunchScreen.storyboard */ = {
			isa = PBXVariantGroup;
			children = (
				3B02616222B630250053DEDE /* Base */,
			);
			name = LaunchScreen.storyboard;
			sourceTree = "<group>";
		};
/* End PBXVariantGroup section */

/* Begin XCBuildConfiguration section */
		3B02616522B630250053DEDE /* Debug */ = {
			isa = XCBuildConfiguration;
			buildSettings = {
				ALWAYS_SEARCH_USER_PATHS = NO;
				CLANG_ANALYZER_NONNULL = YES;
				CLANG_ANALYZER_NUMBER_OBJECT_CONVERSION = YES_AGGRESSIVE;
				CLANG_CXX_LANGUAGE_STANDARD = "gnu++14";
				CLANG_CXX_LIBRARY = "libc++";
				CLANG_ENABLE_MODULES = YES;
				CLANG_ENABLE_OBJC_ARC = YES;
				CLANG_ENABLE_OBJC_WEAK = YES;
				CLANG_WARN_BLOCK_CAPTURE_AUTORELEASING = YES;
				CLANG_WARN_BOOL_CONVERSION = YES;
				CLANG_WARN_COMMA = YES;
				CLANG_WARN_CONSTANT_CONVERSION = YES;
				CLANG_WARN_DEPRECATED_OBJC_IMPLEMENTATIONS = YES;
				CLANG_WARN_DIRECT_OBJC_ISA_USAGE = YES_ERROR;
				CLANG_WARN_DOCUMENTATION_COMMENTS = YES;
				CLANG_WARN_EMPTY_BODY = YES;
				CLANG_WARN_ENUM_CONVERSION = YES;
				CLANG_WARN_INFINITE_RECURSION = YES;
				CLANG_WARN_INT_CONVERSION = YES;
				CLANG_WARN_NON_LITERAL_NULL_CONVERSION = YES;
				CLANG_WARN_OBJC_IMPLICIT_RETAIN_SELF = YES;
				CLANG_WARN_OBJC_LITERAL_CONVERSION = YES;
				CLANG_WARN_OBJC_ROOT_CLASS = YES_ERROR;
				CLANG_WARN_RANGE_LOOP_ANALYSIS = YES;
				CLANG_WARN_STRICT_PROTOTYPES = YES;
				CLANG_WARN_SUSPICIOUS_MOVE = YES;
				CLANG_WARN_UNGUARDED_AVAILABILITY = YES_AGGRESSIVE;
				CLANG_WARN_UNREACHABLE_CODE = YES;
				CLANG_WARN__DUPLICATE_METHOD_MATCH = YES;
				CODE_SIGN_IDENTITY = "iPhone Developer";
				COPY_PHASE_STRIP = NO;
				DEBUG_INFORMATION_FORMAT = dwarf;
				ENABLE_STRICT_OBJC_MSGSEND = YES;
				ENABLE_TESTABILITY = YES;
				GCC_C_LANGUAGE_STANDARD = gnu11;
				GCC_DYNAMIC_NO_PIC = NO;
				GCC_NO_COMMON_BLOCKS = YES;
				GCC_OPTIMIZATION_LEVEL = 0;
				GCC_PREPROCESSOR_DEFINITIONS = (
					"DEBUG=1",
					"$(inherited)",
				);
				GCC_WARN_64_TO_32_BIT_CONVERSION = YES;
				GCC_WARN_ABOUT_RETURN_TYPE = YES_ERROR;
				GCC_WARN_UNDECLARED_SELECTOR = YES;
				GCC_WARN_UNINITIALIZED_AUTOS = YES_AGGRESSIVE;
				GCC_WARN_UNUSED_FUNCTION = YES;
				GCC_WARN_UNUSED_VARIABLE = YES;
				IPHONEOS_DEPLOYMENT_TARGET = 12.2;
				MTL_ENABLE_DEBUG_INFO = INCLUDE_SOURCE;
				MTL_FAST_MATH = YES;
				ONLY_ACTIVE_ARCH = YES;
				SDKROOT = iphoneos;
				SWIFT_ACTIVE_COMPILATION_CONDITIONS = DEBUG;
				SWIFT_OPTIMIZATION_LEVEL = "-Onone";
			};
			name = Debug;
		};
		3B02616622B630250053DEDE /* Release */ = {
			isa = XCBuildConfiguration;
			buildSettings = {
				ALWAYS_SEARCH_USER_PATHS = NO;
				CLANG_ANALYZER_NONNULL = YES;
				CLANG_ANALYZER_NUMBER_OBJECT_CONVERSION = YES_AGGRESSIVE;
				CLANG_CXX_LANGUAGE_STANDARD = "gnu++14";
				CLANG_CXX_LIBRARY = "libc++";
				CLANG_ENABLE_MODULES = YES;
				CLANG_ENABLE_OBJC_ARC = YES;
				CLANG_ENABLE_OBJC_WEAK = YES;
				CLANG_WARN_BLOCK_CAPTURE_AUTORELEASING = YES;
				CLANG_WARN_BOOL_CONVERSION = YES;
				CLANG_WARN_COMMA = YES;
				CLANG_WARN_CONSTANT_CONVERSION = YES;
				CLANG_WARN_DEPRECATED_OBJC_IMPLEMENTATIONS = YES;
				CLANG_WARN_DIRECT_OBJC_ISA_USAGE = YES_ERROR;
				CLANG_WARN_DOCUMENTATION_COMMENTS = YES;
				CLANG_WARN_EMPTY_BODY = YES;
				CLANG_WARN_ENUM_CONVERSION = YES;
				CLANG_WARN_INFINITE_RECURSION = YES;
				CLANG_WARN_INT_CONVERSION = YES;
				CLANG_WARN_NON_LITERAL_NULL_CONVERSION = YES;
				CLANG_WARN_OBJC_IMPLICIT_RETAIN_SELF = YES;
				CLANG_WARN_OBJC_LITERAL_CONVERSION = YES;
				CLANG_WARN_OBJC_ROOT_CLASS = YES_ERROR;
				CLANG_WARN_RANGE_LOOP_ANALYSIS = YES;
				CLANG_WARN_STRICT_PROTOTYPES = YES;
				CLANG_WARN_SUSPICIOUS_MOVE = YES;
				CLANG_WARN_UNGUARDED_AVAILABILITY = YES_AGGRESSIVE;
				CLANG_WARN_UNREACHABLE_CODE = YES;
				CLANG_WARN__DUPLICATE_METHOD_MATCH = YES;
				CODE_SIGN_IDENTITY = "iPhone Developer";
				COPY_PHASE_STRIP = NO;
				DEBUG_INFORMATION_FORMAT = "dwarf-with-dsym";
				ENABLE_NS_ASSERTIONS = NO;
				ENABLE_STRICT_OBJC_MSGSEND = YES;
				GCC_C_LANGUAGE_STANDARD = gnu11;
				GCC_NO_COMMON_BLOCKS = YES;
				GCC_WARN_64_TO_32_BIT_CONVERSION = YES;
				GCC_WARN_ABOUT_RETURN_TYPE = YES_ERROR;
				GCC_WARN_UNDECLARED_SELECTOR = YES;
				GCC_WARN_UNINITIALIZED_AUTOS = YES_AGGRESSIVE;
				GCC_WARN_UNUSED_FUNCTION = YES;
				GCC_WARN_UNUSED_VARIABLE = YES;
				IPHONEOS_DEPLOYMENT_TARGET = 12.2;
				MTL_ENABLE_DEBUG_INFO = NO;
				MTL_FAST_MATH = YES;
				SDKROOT = iphoneos;
				SWIFT_COMPILATION_MODE = wholemodule;
				SWIFT_OPTIMIZATION_LEVEL = "-O";
				VALIDATE_PRODUCT = YES;
			};
			name = Release;
		};
		3B02616822B630250053DEDE /* Debug */ = {
			isa = XCBuildConfiguration;
			baseConfigurationReference = AAA520C7C8F8FE046D7EDD59 /* Pods-finalAPP.debug.xcconfig */;
			buildSettings = {
				ASSETCATALOG_COMPILER_APPICON_NAME = AppIcon;
				CODE_SIGN_STYLE = Automatic;
				INFOPLIST_FILE = finalAPP/Info.plist;
				LD_RUNPATH_SEARCH_PATHS = (
					"$(inherited)",
					"@executable_path/Frameworks",
				);
				PRODUCT_BUNDLE_IDENTIFIER = ouo.finalAPP;
				PRODUCT_NAME = "$(TARGET_NAME)";
				SWIFT_VERSION = 5.0;
				TARGETED_DEVICE_FAMILY = "1,2";
			};
			name = Debug;
		};
		3B02616922B630250053DEDE /* Release */ = {
			isa = XCBuildConfiguration;
			baseConfigurationReference = E145EDDD67F7AB0E9E1607A8 /* Pods-finalAPP.release.xcconfig */;
			buildSettings = {
				ASSETCATALOG_COMPILER_APPICON_NAME = AppIcon;
				CODE_SIGN_STYLE = Automatic;
				INFOPLIST_FILE = finalAPP/Info.plist;
				LD_RUNPATH_SEARCH_PATHS = (
					"$(inherited)",
					"@executable_path/Frameworks",
				);
				PRODUCT_BUNDLE_IDENTIFIER = ouo.finalAPP;
				PRODUCT_NAME = "$(TARGET_NAME)";
				SWIFT_VERSION = 5.0;
				TARGETED_DEVICE_FAMILY = "1,2";
			};
			name = Release;
		};
/* End XCBuildConfiguration section */

/* Begin XCConfigurationList section */
		3B02615022B630230053DEDE /* Build configuration list for PBXProject "finalAPP" */ = {
			isa = XCConfigurationList;
			buildConfigurations = (
				3B02616522B630250053DEDE /* Debug */,
				3B02616622B630250053DEDE /* Release */,
			);
			defaultConfigurationIsVisible = 0;
			defaultConfigurationName = Release;
		};
		3B02616722B630250053DEDE /* Build configuration list for PBXNativeTarget "finalAPP" */ = {
			isa = XCConfigurationList;
			buildConfigurations = (
				3B02616822B630250053DEDE /* Debug */,
				3B02616922B630250053DEDE /* Release */,
			);
			defaultConfigurationIsVisible = 0;
			defaultConfigurationName = Release;
		};
/* End XCConfigurationList section */
	};
	rootObject = 3B02614D22B630230053DEDE /* Project object */;
}
